
Microsoft Visual Studio Solution File, Format Version 12.00
# Visual Studio 15
VisualStudioVersion = 15.0.28010.2016
MinimumVisualStudioVersion = 10.0.40219.1
Project("{FAE04EC0-301F-11D3-BF4B-00C04F79EFBC}") = "EFGetStarted.AspNetCore.NewDbPost", "EFGetStarted.AspNetCore.NewDbPost\EFGetStarted.AspNetCore.NewDbPost.csproj", "{C75B714C-8825-43A2-91E9-782173D160F3}"
EndProject
Global
	GlobalSection(SolutionConfigurationPlatforms) = preSolution
		Debug|Any CPU = Debug|Any CPU
		Release|Any CPU = Release|Any CPU
	EndGlobalSection
	GlobalSection(ProjectConfigurationPlatforms) = postSolution
		{C75B714C-8825-43A2-91E9-782173D160F3}.Debug|Any CPU.ActiveCfg = Debug|Any CPU
		{C75B714C-8825-43A2-91E9-782173D160F3}.Debug|Any CPU.Build.0 = Debug|Any CPU
		{C75B714C-8825-43A2-91E9-782173D160F3}.Release|Any CPU.ActiveCfg = Release|Any CPU
		{C75B714C-8825-43A2-91E9-782173D160F3}.Release|Any CPU.Build.0 = Release|Any CPU
	EndGlobalSection
	GlobalSection(SolutionProperties) = preSolution
		HideSolutionNode = FALSE
	EndGlobalSection
	GlobalSection(ExtensibilityGlobals) = postSolution
		SolutionGuid = {801E2112-DC6A-414A-81A7-5C052F122668}
	EndGlobalSection
EndGlobal
